// !$*UTF8*$!
{
	archiveVersion = 1;
	classes = {
	};
	objectVersion = 51;
	objects = {

/* Begin PBXBuildFile section */
		413FF71AEB706E8ACDFEE33C /* Pods_ToDoList.framework in Frameworks */ = {isa = PBXBuildFile; fileRef = E3FC77075E5A176F1B31E38E /* Pods_ToDoList.framework */; };
		46132EBA253463EC00ED7924 /* AppDelegate.swift in Sources */ = {isa = PBXBuildFile; fileRef = 46132EB9253463EC00ED7924 /* AppDelegate.swift */; };
		46132EBC253463EC00ED7924 /* SceneDelegate.swift in Sources */ = {isa = PBXBuildFile; fileRef = 46132EBB253463EC00ED7924 /* SceneDelegate.swift */; };
		46132EBE253463EC00ED7924 /* ToDoListViewController.swift in Sources */ = {isa = PBXBuildFile; fileRef = 46132EBD253463EC00ED7924 /* ToDoListViewController.swift */; };
		46132EC1253463EC00ED7924 /* Main.storyboard in Resources */ = {isa = PBXBuildFile; fileRef = 46132EBF253463EC00ED7924 /* Main.storyboard */; };
		46132EC3253463EE00ED7924 /* Assets.xcassets in Resources */ = {isa = PBXBuildFile; fileRef = 46132EC2253463EE00ED7924 /* Assets.xcassets */; };
		46132EC6253463EE00ED7924 /* LaunchScreen.storyboard in Resources */ = {isa = PBXBuildFile; fileRef = 46132EC4253463EE00ED7924 /* LaunchScreen.storyboard */; };
		46132ED32534767200ED7924 /* CategoryViewController.swift in Sources */ = {isa = PBXBuildFile; fileRef = 46132ED22534767200ED7924 /* CategoryViewController.swift */; };
		46132EE7253483EA00ED7924 /* Category.swift in Sources */ = {isa = PBXBuildFile; fileRef = 46132EE6253483EA00ED7924 /* Category.swift */; };
		46132EEA253483F400ED7924 /* Item.swift in Sources */ = {isa = PBXBuildFile; fileRef = 46132EE9253483F400ED7924 /* Item.swift */; };
		46132EF22534C12100ED7924 /* SwipeTableViewController.swift in Sources */ = {isa = PBXBuildFile; fileRef = 46132EF12534C12100ED7924 /* SwipeTableViewController.swift */; };
		464323002536E1CC000E17D3 /* LaunchScreen.xcassets in Resources */ = {isa = PBXBuildFile; fileRef = 464322FF2536E1CC000E17D3 /* LaunchScreen.xcassets */; };
/* End PBXBuildFile section */

/* Begin PBXFileReference section */
		46132EB6253463EC00ED7924 /* ToDoList.app */ = {isa = PBXFileReference; explicitFileType = wrapper.application; includeInIndex = 0; path = ToDoList.app; sourceTree = BUILT_PRODUCTS_DIR; };
		46132EB9253463EC00ED7924 /* AppDelegate.swift */ = {isa = PBXFileReference; lastKnownFileType = sourcecode.swift; path = AppDelegate.swift; sourceTree = "<group>"; };
		46132EBB253463EC00ED7924 /* SceneDelegate.swift */ = {isa = PBXFileReference; lastKnownFileType = sourcecode.swift; path = SceneDelegate.swift; sourceTree = "<group>"; };
		46132EBD253463EC00ED7924 /* ToDoListViewController.swift */ = {isa = PBXFileReference; lastKnownFileType = sourcecode.swift; path = ToDoListViewController.swift; sourceTree = "<group>"; };
		46132EC0253463EC00ED7924 /* Base */ = {isa = PBXFileReference; lastKnownFileType = file.storyboard; name = Base; path = Base.lproj/Main.storyboard; sourceTree = "<group>"; };
		46132EC2253463EE00ED7924 /* Assets.xcassets */ = {isa = PBXFileReference; lastKnownFileType = folder.assetcatalog; path = Assets.xcassets; sourceTree = "<group>"; };
		46132EC5253463EE00ED7924 /* Base */ = {isa = PBXFileReference; lastKnownFileType = file.storyboard; name = Base; path = Base.lproj/LaunchScreen.storyboard; sourceTree = "<group>"; };
		46132EC7253463EE00ED7924 /* Info.plist */ = {isa = PBXFileReference; lastKnownFileType = text.plist.xml; path = Info.plist; sourceTree = "<group>"; };
		46132ED22534767200ED7924 /* CategoryViewController.swift */ = {isa = PBXFileReference; lastKnownFileType = sourcecode.swift; path = CategoryViewController.swift; sourceTree = "<group>"; };
		46132EE6253483EA00ED7924 /* Category.swift */ = {isa = PBXFileReference; lastKnownFileType = sourcecode.swift; path = Category.swift; sourceTree = "<group>"; };
		46132EE9253483F400ED7924 /* Item.swift */ = {isa = PBXFileReference; lastKnownFileType = sourcecode.swift; path = Item.swift; sourceTree = "<group>"; };
		46132EF12534C12100ED7924 /* SwipeTableViewController.swift */ = {isa = PBXFileReference; lastKnownFileType = sourcecode.swift; path = SwipeTableViewController.swift; sourceTree = "<group>"; };
		464322FF2536E1CC000E17D3 /* LaunchScreen.xcassets */ = {isa = PBXFileReference; lastKnownFileType = folder.assetcatalog; name = LaunchScreen.xcassets; path = LaunchScreenLogo/LaunchScreen.xcassets; sourceTree = "<group>"; };
		9B554EB25953021F087DE76A /* Pods-ToDoList.debug.xcconfig */ = {isa = PBXFileReference; includeInIndex = 1; lastKnownFileType = text.xcconfig; name = "Pods-ToDoList.debug.xcconfig"; path = "Target Support Files/Pods-ToDoList/Pods-ToDoList.debug.xcconfig"; sourceTree = "<group>"; };
		A40EDC57841CAA231FBF5AA4 /* Pods-ToDoList.release.xcconfig */ = {isa = PBXFileReference; includeInIndex = 1; lastKnownFileType = text.xcconfig; name = "Pods-ToDoList.release.xcconfig"; path = "Target Support Files/Pods-ToDoList/Pods-ToDoList.release.xcconfig"; sourceTree = "<group>"; };
		E3FC77075E5A176F1B31E38E /* Pods_ToDoList.framework */ = {isa = PBXFileReference; explicitFileType = wrapper.framework; includeInIndex = 0; path = Pods_ToDoList.framework; sourceTree = BUILT_PRODUCTS_DIR; };
/* End PBXFileReference section */

/* Begin PBXFrameworksBuildPhase section */
		46132EB3253463EC00ED7924 /* Frameworks */ = {
			isa = PBXFrameworksBuildPhase;
			buildActionMask = 2147483647;
			files = (
				413FF71AEB706E8ACDFEE33C /* Pods_ToDoList.framework in Frameworks */,
			);
			runOnlyForDeploymentPostprocessing = 0;
		};
/* End PBXFrameworksBuildPhase section */

/* Begin PBXGroup section */
		13BAC1D8FE131A295D2C44AD /* Frameworks */ = {
			isa = PBXGroup;
			children = (
				E3FC77075E5A176F1B31E38E /* Pods_ToDoList.framework */,
			);
			name = Frameworks;
			sourceTree = "<group>";
		};
		3817A0AB411E02B5E84C8FA9 /* Pods */ = {
			isa = PBXGroup;
			children = (
				9B554EB25953021F087DE76A /* Pods-ToDoList.debug.xcconfig */,
				A40EDC57841CAA231FBF5AA4 /* Pods-ToDoList.release.xcconfig */,
			);
			path = Pods;
			sourceTree = "<group>";
		};
		46132EAD253463EB00ED7924 = {
			isa = PBXGroup;
			children = (
				46132EB8253463EC00ED7924 /* ToDoList */,
				46132EB7253463EC00ED7924 /* Products */,
				3817A0AB411E02B5E84C8FA9 /* Pods */,
				13BAC1D8FE131A295D2C44AD /* Frameworks */,
			);
			sourceTree = "<group>";
		};
		46132EB7253463EC00ED7924 /* Products */ = {
			isa = PBXGroup;
			children = (
				46132EB6253463EC00ED7924 /* ToDoList.app */,
			);
			name = Products;
			sourceTree = "<group>";
		};
		46132EB8253463EC00ED7924 /* ToDoList */ = {
			isa = PBXGroup;
			children = (
				46132EB9253463EC00ED7924 /* AppDelegate.swift */,
				46132EBB253463EC00ED7924 /* SceneDelegate.swift */,
				46132ED0253471BF00ED7924 /* Controllers */,
				46132EE02534813600ED7924 /* Data Model */,
				46132ECF253471AD00ED7924 /* Views */,
				46132EC2253463EE00ED7924 /* Assets.xcassets */,
				464322FF2536E1CC000E17D3 /* LaunchScreen.xcassets */,
				46132EC4253463EE00ED7924 /* LaunchScreen.storyboard */,
				46132EC7253463EE00ED7924 /* Info.plist */,
			);
			path = ToDoList;
			sourceTree = "<group>";
		};
		46132ECF253471AD00ED7924 /* Views */ = {
			isa = PBXGroup;
			children = (
				46132EBF253463EC00ED7924 /* Main.storyboard */,
			);
			path = Views;
			sourceTree = "<group>";
		};
		46132ED0253471BF00ED7924 /* Controllers */ = {
			isa = PBXGroup;
			children = (
				46132ED22534767200ED7924 /* CategoryViewController.swift */,
				46132EBD253463EC00ED7924 /* ToDoListViewController.swift */,
				46132EF12534C12100ED7924 /* SwipeTableViewController.swift */,
			);
			path = Controllers;
			sourceTree = "<group>";
		};
		46132EE02534813600ED7924 /* Data Model */ = {
			isa = PBXGroup;
			children = (
				46132EE6253483EA00ED7924 /* Category.swift */,
				46132EE9253483F400ED7924 /* Item.swift */,
			);
			path = "Data Model";
			sourceTree = "<group>";
		};
/* End PBXGroup section */

/* Begin PBXNativeTarget section */
		46132EB5253463EC00ED7924 /* ToDoList */ = {
			isa = PBXNativeTarget;
			buildConfigurationList = 46132ECA253463EE00ED7924 /* Build configuration list for PBXNativeTarget "ToDoList" */;
			buildPhases = (
				3EA6B2E28D68E411F65E9D73 /* [CP] Check Pods Manifest.lock */,
				46132EB2253463EC00ED7924 /* Sources */,
				46132EB3253463EC00ED7924 /* Frameworks */,
				46132EB4253463EC00ED7924 /* Resources */,
				4ED66DA03A266E5FE4F7FD94 /* [CP] Embed Pods Frameworks */,
			);
			buildRules = (
			);
			dependencies = (
			);
			name = ToDoList;
			productName = ToDoList;
			productReference = 46132EB6253463EC00ED7924 /* ToDoList.app */;
			productType = "com.apple.product-type.application";
		};
/* End PBXNativeTarget section */

/* Begin PBXProject section */
		46132EAE253463EC00ED7924 /* Project object */ = {
			isa = PBXProject;
			attributes = {
				LastSwiftUpdateCheck = 1200;
				LastUpgradeCheck = 1200;
				TargetAttributes = {
					46132EB5253463EC00ED7924 = {
						CreatedOnToolsVersion = 12.0.1;
					};
				};
			};
			buildConfigurationList = 46132EB1253463EC00ED7924 /* Build configuration list for PBXProject "ToDoList" */;
			compatibilityVersion = "Xcode 9.3";
			developmentRegion = en;
			hasScannedForEncodings = 0;
			knownRegions = (
				en,
				Base,
			);
			mainGroup = 46132EAD253463EB00ED7924;
			productRefGroup = 46132EB7253463EC00ED7924 /* Products */;
			projectDirPath = "";
			projectRoot = "";
			targets = (
				46132EB5253463EC00ED7924 /* ToDoList */,
			);
		};
/* End PBXProject section */

/* Begin PBXResourcesBuildPhase section */
		46132EB4253463EC00ED7924 /* Resources */ = {
			isa = PBXResourcesBuildPhase;
			buildActionMask = 2147483647;
			files = (
				464323002536E1CC000E17D3 /* LaunchScreen.xcassets in Resources */,
				46132EC6253463EE00ED7924 /* LaunchScreen.storyboard in Resources */,
				46132EC3253463EE00ED7924 /* Assets.xcassets in Resources */,
				46132EC1253463EC00ED7924 /* Main.storyboard in Resources */,
			);
			runOnlyForDeploymentPostprocessing = 0;
		};
/* End PBXResourcesBuildPhase section */

/* Begin PBXShellScriptBuildPhase section */
		3EA6B2E28D68E411F65E9D73 /* [CP] Check Pods Manifest.lock */ = {
			isa = PBXShellScriptBuildPhase;
			buildActionMask = 2147483647;
			files = (
			);
			inputFileListPaths = (
			);
			inputPaths = (
				"${PODS_PODFILE_DIR_PATH}/Podfile.lock",
				"${PODS_ROOT}/Manifest.lock",
			);
			name = "[CP] Check Pods Manifest.lock";
			outputFileListPaths = (
			);
			outputPaths = (
				"$(DERIVED_FILE_DIR)/Pods-ToDoList-checkManifestLockResult.txt",
			);
			runOnlyForDeploymentPostprocessing = 0;
			shellPath = /bin/sh;
			shellScript = "diff \"${PODS_PODFILE_DIR_PATH}/Podfile.lock\" \"${PODS_ROOT}/Manifest.lock\" > /dev/null\nif [ $? != 0 ] ; then\n    # print error to STDERR\n    echo \"error: The sandbox is not in sync with the Podfile.lock. Run 'pod install' or update your CocoaPods installation.\" >&2\n    exit 1\nfi\n# This output is used by Xcode 'outputs' to avoid re-running this script phase.\necho \"SUCCESS\" > \"${SCRIPT_OUTPUT_FILE_0}\"\n";
			showEnvVarsInLog = 0;
		};
		4ED66DA03A266E5FE4F7FD94 /* [CP] Embed Pods Frameworks */ = {
			isa = PBXShellScriptBuildPhase;
			buildActionMask = 2147483647;
			files = (
			);
			inputFileListPaths = (
				"${PODS_ROOT}/Target Support Files/Pods-ToDoList/Pods-ToDoList-frameworks-${CONFIGURATION}-input-files.xcfilelist",
			);
			name = "[CP] Embed Pods Frameworks";
			outputFileListPaths = (
				"${PODS_ROOT}/Target Support Files/Pods-ToDoList/Pods-ToDoList-frameworks-${CONFIGURATION}-output-files.xcfilelist",
			);
			runOnlyForDeploymentPostprocessing = 0;
			shellPath = /bin/sh;
			shellScript = "\"${PODS_ROOT}/Target Support Files/Pods-ToDoList/Pods-ToDoList-frameworks.sh\"\n";
			showEnvVarsInLog = 0;
		};
/* End PBXShellScriptBuildPhase section */

/* Begin PBXSourcesBuildPhase section */
		46132EB2253463EC00ED7924 /* Sources */ = {
			isa = PBXSourcesBuildPhase;
			buildActionMask = 2147483647;
			files = (
				46132ED32534767200ED7924 /* CategoryViewController.swift in Sources */,
				46132EE7253483EA00ED7924 /* Category.swift in Sources */,
				46132EBE253463EC00ED7924 /* ToDoListViewController.swift in Sources */,
				46132EF22534C12100ED7924 /* SwipeTableViewController.swift in Sources */,
				46132EBA253463EC00ED7924 /* AppDelegate.swift in Sources */,
				46132EEA253483F400ED7924 /* Item.swift in Sources */,
				46132EBC253463EC00ED7924 /* SceneDelegate.swift in Sources */,
			);
			runOnlyForDeploymentPostprocessing = 0;
		};
/* End PBXSourcesBuildPhase section */

/* Begin PBXVariantGroup section */
		46132EBF253463EC00ED7924 /* Main.storyboard */ = {
			isa = PBXVariantGroup;
			children = (
				46132EC0253463EC00ED7924 /* Base */,
			);
			name = Main.storyboard;
			sourceTree = "<group>";
		};
		46132EC4253463EE00ED7924 /* LaunchScreen.storyboard */ = {
			isa = PBXVariantGroup;
			children = (
				46132EC5253463EE00ED7924 /* Base */,
			);
			name = LaunchScreen.storyboard;
			sourceTree = "<group>";
		};
/* End PBXVariantGroup section */

/* Begin XCBuildConfiguration section */
		46132EC8253463EE00ED7924 /* Debug */ = {
			isa = XCBuildConfiguration;
			buildSettings = {
				ALWAYS_SEARCH_USER_PATHS = NO;
				CLANG_ANALYZER_NONNULL = YES;
				CLANG_ANALYZER_NUMBER_OBJECT_CONVERSION = YES_AGGRESSIVE;
				CLANG_CXX_LANGUAGE_STANDARD = "gnu++14";
				CLANG_CXX_LIBRARY = "libc++";
				CLANG_ENABLE_MODULES = YES;
				CLANG_ENABLE_OBJC_ARC = YES;
				CLANG_ENABLE_OBJC_WEAK = YES;
				CLANG_WARN_BLOCK_CAPTURE_AUTORELEASING = YES;
				CLANG_WARN_BOOL_CONVERSION = YES;
				CLANG_WARN_COMMA = YES;
				CLANG_WARN_CONSTANT_CONVERSION = YES;
				CLANG_WARN_DEPRECATED_OBJC_IMPLEMENTATIONS = YES;
				CLANG_WARN_DIRECT_OBJC_ISA_USAGE = YES_ERROR;
				CLANG_WARN_DOCUMENTATION_COMMENTS = YES;
				CLANG_WARN_EMPTY_BODY = YES;
				CLANG_WARN_ENUM_CONVERSION = YES;
				CLANG_WARN_INFINITE_RECURSION = YES;
				CLANG_WARN_INT_CONVERSION = YES;
				CLANG_WARN_NON_LITERAL_NULL_CONVERSION = YES;
				CLANG_WARN_OBJC_IMPLICIT_RETAIN_SELF = YES;
				CLANG_WARN_OBJC_LITERAL_CONVERSION = YES;
				CLANG_WARN_OBJC_ROOT_CLASS = YES_ERROR;
				CLANG_WARN_QUOTED_INCLUDE_IN_FRAMEWORK_HEADER = YES;
				CLANG_WARN_RANGE_LOOP_ANALYSIS = YES;
				CLANG_WARN_STRICT_PROTOTYPES = YES;
				CLANG_WARN_SUSPICIOUS_MOVE = YES;
				CLANG_WARN_UNGUARDED_AVAILABILITY = YES_AGGRESSIVE;
				CLANG_WARN_UNREACHABLE_CODE = YES;
				CLANG_WARN__DUPLICATE_METHOD_MATCH = YES;
				COPY_PHASE_STRIP = NO;
				DEBUG_INFORMATION_FORMAT = dwarf;
				ENABLE_STRICT_OBJC_MSGSEND = YES;
				ENABLE_TESTABILITY = YES;
				GCC_C_LANGUAGE_STANDARD = gnu11;
				GCC_DYNAMIC_NO_PIC = NO;
				GCC_NO_COMMON_BLOCKS = YES;
				GCC_OPTIMIZATION_LEVEL = 0;
				GCC_PREPROCESSOR_DEFINITIONS = (
					"DEBUG=1",
					"$(inherited)",
				);
				GCC_WARN_64_TO_32_BIT_CONVERSION = YES;
				GCC_WARN_ABOUT_RETURN_TYPE = YES_ERROR;
				GCC_WARN_UNDECLARED_SELECTOR = YES;
				GCC_WARN_UNINITIALIZED_AUTOS = YES_AGGRESSIVE;
				GCC_WARN_UNUSED_FUNCTION = YES;
				GCC_WARN_UNUSED_VARIABLE = YES;
				IPHONEOS_DEPLOYMENT_TARGET = 14.0;
				MTL_ENABLE_DEBUG_INFO = INCLUDE_SOURCE;
				MTL_FAST_MATH = YES;
				ONLY_ACTIVE_ARCH = YES;
				SDKROOT = iphoneos;
				SWIFT_ACTIVE_COMPILATION_CONDITIONS = DEBUG;
				SWIFT_OPTIMIZATION_LEVEL = "-Onone";
			};
			name = Debug;
		};
		46132EC9253463EE00ED7924 /* Release */ = {
			isa = XCBuildConfiguration;
			buildSettings = {
				ALWAYS_SEARCH_USER_PATHS = NO;
				CLANG_ANALYZER_NONNULL = YES;
				CLANG_ANALYZER_NUMBER_OBJECT_CONVERSION = YES_AGGRESSIVE;
				CLANG_CXX_LANGUAGE_STANDARD = "gnu++14";
				CLANG_CXX_LIBRARY = "libc++";
				CLANG_ENABLE_MODULES = YES;
				CLANG_ENABLE_OBJC_ARC = YES;
				CLANG_ENABLE_OBJC_WEAK = YES;
				CLANG_WARN_BLOCK_CAPTURE_AUTORELEASING = YES;
				CLANG_WARN_BOOL_CONVERSION = YES;
				CLANG_WARN_COMMA = YES;
				CLANG_WARN_CONSTANT_CONVERSION = YES;
				CLANG_WARN_DEPRECATED_OBJC_IMPLEMENTATIONS = YES;
				CLANG_WARN_DIRECT_OBJC_ISA_USAGE = YES_ERROR;
				CLANG_WARN_DOCUMENTATION_COMMENTS = YES;
				CLANG_WARN_EMPTY_BODY = YES;
				CLANG_WARN_ENUM_CONVERSION = YES;
				CLANG_WARN_INFINITE_RECURSION = YES;
				CLANG_WARN_INT_CONVERSION = YES;
				CLANG_WARN_NON_LITERAL_NULL_CONVERSION = YES;
				CLANG_WARN_OBJC_IMPLICIT_RETAIN_SELF = YES;
				CLANG_WARN_OBJC_LITERAL_CONVERSION = YES;
				CLANG_WARN_OBJC_ROOT_CLASS = YES_ERROR;
				CLANG_WARN_QUOTED_INCLUDE_IN_FRAMEWORK_HEADER = YES;
				CLANG_WARN_RANGE_LOOP_ANALYSIS = YES;
				CLANG_WARN_STRICT_PROTOTYPES = YES;
				CLANG_WARN_SUSPICIOUS_MOVE = YES;
				CLANG_WARN_UNGUARDED_AVAILABILITY = YES_AGGRESSIVE;
				CLANG_WARN_UNREACHABLE_CODE = YES;
				CLANG_WARN__DUPLICATE_METHOD_MATCH = YES;
				COPY_PHASE_STRIP = NO;
				DEBUG_INFORMATION_FORMAT = "dwarf-with-dsym";
				ENABLE_NS_ASSERTIONS = NO;
				ENABLE_STRICT_OBJC_MSGSEND = YES;
				GCC_C_LANGUAGE_STANDARD = gnu11;
				GCC_NO_COMMON_BLOCKS = YES;
				GCC_WARN_64_TO_32_BIT_CONVERSION = YES;
				GCC_WARN_ABOUT_RETURN_TYPE = YES_ERROR;
				GCC_WARN_UNDECLARED_SELECTOR = YES;
				GCC_WARN_UNINITIALIZED_AUTOS = YES_AGGRESSIVE;
				GCC_WARN_UNUSED_FUNCTION = YES;
				GCC_WARN_UNUSED_VARIABLE = YES;
				IPHONEOS_DEPLOYMENT_TARGET = 14.0;
				MTL_ENABLE_DEBUG_INFO = NO;
				MTL_FAST_MATH = YES;
				SDKROOT = iphoneos;
				SWIFT_COMPILATION_MODE = wholemodule;
				SWIFT_OPTIMIZATION_LEVEL = "-O";
				VALIDATE_PRODUCT = YES;
			};
			name = Release;
		};
		46132ECB253463EE00ED7924 /* Debug */ = {
			isa = XCBuildConfiguration;
			baseConfigurationReference = 9B554EB25953021F087DE76A /* Pods-ToDoList.debug.xcconfig */;
			buildSettings = {
				ASSETCATALOG_COMPILER_APPICON_NAME = AppIcon;
				ASSETCATALOG_COMPILER_GLOBAL_ACCENT_COLOR_NAME = AccentColor;
				CODE_SIGN_IDENTITY = "Apple Development";
				CODE_SIGN_STYLE = Automatic;
				DEVELOPMENT_TEAM = YDCDAK8B43;
				INFOPLIST_FILE = ToDoList/Info.plist;
				LD_RUNPATH_SEARCH_PATHS = (
					"$(inherited)",
					"@executable_path/Frameworks",
				);
				PRODUCT_BUNDLE_IDENTIFIER = com.margaretamm.ToDoList;
				PRODUCT_NAME = "$(TARGET_NAME)";
				PROVISIONING_PROFILE_SPECIFIER = "";
				SWIFT_VERSION = 5.0;
				TARGETED_DEVICE_FAMILY = "1,2";
			};
			name = Debug;
		};
		46132ECC253463EE00ED7924 /* Release */ = {
			isa = XCBuildConfiguration;
			baseConfigurationReference = A40EDC57841CAA231FBF5AA4 /* Pods-ToDoList.release.xcconfig */;
			buildSettings = {
				ASSETCATALOG_COMPILER_APPICON_NAME = AppIcon;
				ASSETCATALOG_COMPILER_GLOBAL_ACCENT_COLOR_NAME = AccentColor;
				CODE_SIGN_IDENTITY = "Apple Development";
				CODE_SIGN_STYLE = Automatic;
				DEVELOPMENT_TEAM = YDCDAK8B43;
				INFOPLIST_FILE = ToDoList/Info.plist;
				LD_RUNPATH_SEARCH_PATHS = (
					"$(inherited)",
					"@executable_path/Frameworks",
				);
				PRODUCT_BUNDLE_IDENTIFIER = com.margaretamm.ToDoList;
				PRODUCT_NAME = "$(TARGET_NAME)";
				PROVISIONING_PROFILE_SPECIFIER = "";
				SWIFT_VERSION = 5.0;
				TARGETED_DEVICE_FAMILY = "1,2";
			};
			name = Release;
		};
/* End XCBuildConfiguration section */

/* Begin XCConfigurationList section */
		46132EB1253463EC00ED7924 /* Build configuration list for PBXProject "ToDoList" */ = {
			isa = XCConfigurationList;
			buildConfigurations = (
				46132EC8253463EE00ED7924 /* Debug */,
				46132EC9253463EE00ED7924 /* Release */,
			);
			defaultConfigurationIsVisible = 0;
			defaultConfigurationName = Release;
		};
		46132ECA253463EE00ED7924 /* Build configuration list for PBXNativeTarget "ToDoList" */ = {
			isa = XCConfigurationList;
			buildConfigurations = (
				46132ECB253463EE00ED7924 /* Debug */,
				46132ECC253463EE00ED7924 /* Release */,
			);
			defaultConfigurationIsVisible = 0;
			defaultConfigurationName = Release;
		};
/* End XCConfigurationList section */
	};
	rootObject = 46132EAE253463EC00ED7924 /* Project object */;
}
